// !$*UTF8*$!
{
	archiveVersion = 1;
	classes = {
	};
	objectVersion = 50;
	objects = {

/* Begin PBXBuildFile section */
		BF46F372265AC4640032626B /* CircleViewModel.swift in Sources */ = {isa = PBXBuildFile; fileRef = BF46F371265AC4640032626B /* CircleViewModel.swift */; };
		BF6AA122265E06E0001CD2CF /* tictactoev2View.swift in Sources */ = {isa = PBXBuildFile; fileRef = BF6AA121265E06E0001CD2CF /* tictactoev2View.swift */; };
		BF6AA124265E0C7C001CD2CF /* CircleView2.swift in Sources */ = {isa = PBXBuildFile; fileRef = BF6AA123265E0C7C001CD2CF /* CircleView2.swift */; };
		BF6AA126266006D6001CD2CF /* tictactoev2Model.swift in Sources */ = {isa = PBXBuildFile; fileRef = BF6AA125266006D6001CD2CF /* tictactoev2Model.swift */; };
		BF6AA1292660E5F6001CD2CF /* detailTransitionView.swift in Sources */ = {isa = PBXBuildFile; fileRef = BF6AA1272660E5F5001CD2CF /* detailTransitionView.swift */; };
		BF6AA12A2660E5F6001CD2CF /* TurnView.swift in Sources */ = {isa = PBXBuildFile; fileRef = BF6AA1282660E5F6001CD2CF /* TurnView.swift */; };
		BF6AA12D2660E7EF001CD2CF /* Alerts.swift in Sources */ = {isa = PBXBuildFile; fileRef = BF6AA12C2660E7EF001CD2CF /* Alerts.swift */; };
		BF6AA12F26611F38001CD2CF /* tictactoeViewModel.swift in Sources */ = {isa = PBXBuildFile; fileRef = BF6AA12E26611F38001CD2CF /* tictactoeViewModel.swift */; };
		BF6B049E2657F020002A9B4A /* tictactoeApp.swift in Sources */ = {isa = PBXBuildFile; fileRef = BF6B049D2657F020002A9B4A /* tictactoeApp.swift */; };
		BF6B04A02657F020002A9B4A /* ContentView.swift in Sources */ = {isa = PBXBuildFile; fileRef = BF6B049F2657F020002A9B4A /* ContentView.swift */; };
		BF6B04A22657F023002A9B4A /* Assets.xcassets in Resources */ = {isa = PBXBuildFile; fileRef = BF6B04A12657F023002A9B4A /* Assets.xcassets */; };
		BF6B04A52657F023002A9B4A /* Preview Assets.xcassets in Resources */ = {isa = PBXBuildFile; fileRef = BF6B04A42657F023002A9B4A /* Preview Assets.xcassets */; };
		BF6B04AD2657F0F9002A9B4A /* CircleView.swift in Sources */ = {isa = PBXBuildFile; fileRef = BF6B04AC2657F0F9002A9B4A /* CircleView.swift */; };
		BF6B04AF2657F3DE002A9B4A /* SFSymbols.swift in Sources */ = {isa = PBXBuildFile; fileRef = BF6B04AE2657F3DE002A9B4A /* SFSymbols.swift */; };
		BF6B04B12657FA52002A9B4A /* LineView.swift in Sources */ = {isa = PBXBuildFile; fileRef = BF6B04B02657FA52002A9B4A /* LineView.swift */; };
		BF6B04B326582807002A9B4A /* TrapezoidView.swift in Sources */ = {isa = PBXBuildFile; fileRef = BF6B04B226582807002A9B4A /* TrapezoidView.swift */; };
		BF6B04B526582A3C002A9B4A /* Line2View.swift in Sources */ = {isa = PBXBuildFile; fileRef = BF6B04B426582A3C002A9B4A /* Line2View.swift */; };
		BF6B04B82658B81A002A9B4A /* CircleViewWithAni.swift in Sources */ = {isa = PBXBuildFile; fileRef = BF6B04B72658B81A002A9B4A /* CircleViewWithAni.swift */; };
/* End PBXBuildFile section */

/* Begin PBXFileReference section */
		BF46F371265AC4640032626B /* CircleViewModel.swift */ = {isa = PBXFileReference; lastKnownFileType = sourcecode.swift; path = CircleViewModel.swift; sourceTree = "<group>"; };
		BF6AA121265E06E0001CD2CF /* tictactoev2View.swift */ = {isa = PBXFileReference; lastKnownFileType = sourcecode.swift; path = tictactoev2View.swift; sourceTree = "<group>"; };
		BF6AA123265E0C7C001CD2CF /* CircleView2.swift */ = {isa = PBXFileReference; lastKnownFileType = sourcecode.swift; path = CircleView2.swift; sourceTree = "<group>"; };
		BF6AA125266006D6001CD2CF /* tictactoev2Model.swift */ = {isa = PBXFileReference; lastKnownFileType = sourcecode.swift; path = tictactoev2Model.swift; sourceTree = "<group>"; };
		BF6AA1272660E5F5001CD2CF /* detailTransitionView.swift */ = {isa = PBXFileReference; fileEncoding = 4; lastKnownFileType = sourcecode.swift; path = detailTransitionView.swift; sourceTree = "<group>"; };
		BF6AA1282660E5F6001CD2CF /* TurnView.swift */ = {isa = PBXFileReference; fileEncoding = 4; lastKnownFileType = sourcecode.swift; path = TurnView.swift; sourceTree = "<group>"; };
		BF6AA12C2660E7EF001CD2CF /* Alerts.swift */ = {isa = PBXFileReference; lastKnownFileType = sourcecode.swift; path = Alerts.swift; sourceTree = "<group>"; };
		BF6AA12E26611F38001CD2CF /* tictactoeViewModel.swift */ = {isa = PBXFileReference; lastKnownFileType = sourcecode.swift; path = tictactoeViewModel.swift; sourceTree = "<group>"; };
		BF6B049A2657F020002A9B4A /* tictactoe.app */ = {isa = PBXFileReference; explicitFileType = wrapper.application; includeInIndex = 0; path = tictactoe.app; sourceTree = BUILT_PRODUCTS_DIR; };
		BF6B049D2657F020002A9B4A /* tictactoeApp.swift */ = {isa = PBXFileReference; lastKnownFileType = sourcecode.swift; path = tictactoeApp.swift; sourceTree = "<group>"; };
		BF6B049F2657F020002A9B4A /* ContentView.swift */ = {isa = PBXFileReference; lastKnownFileType = sourcecode.swift; path = ContentView.swift; sourceTree = "<group>"; };
		BF6B04A12657F023002A9B4A /* Assets.xcassets */ = {isa = PBXFileReference; lastKnownFileType = folder.assetcatalog; path = Assets.xcassets; sourceTree = "<group>"; };
		BF6B04A42657F023002A9B4A /* Preview Assets.xcassets */ = {isa = PBXFileReference; lastKnownFileType = folder.assetcatalog; path = "Preview Assets.xcassets"; sourceTree = "<group>"; };
		BF6B04A62657F023002A9B4A /* Info.plist */ = {isa = PBXFileReference; lastKnownFileType = text.plist.xml; path = Info.plist; sourceTree = "<group>"; };
		BF6B04AC2657F0F9002A9B4A /* CircleView.swift */ = {isa = PBXFileReference; lastKnownFileType = sourcecode.swift; path = CircleView.swift; sourceTree = "<group>"; };
		BF6B04AE2657F3DE002A9B4A /* SFSymbols.swift */ = {isa = PBXFileReference; lastKnownFileType = sourcecode.swift; path = SFSymbols.swift; sourceTree = "<group>"; };
		BF6B04B02657FA52002A9B4A /* LineView.swift */ = {isa = PBXFileReference; lastKnownFileType = sourcecode.swift; path = LineView.swift; sourceTree = "<group>"; };
		BF6B04B226582807002A9B4A /* TrapezoidView.swift */ = {isa = PBXFileReference; lastKnownFileType = sourcecode.swift; path = TrapezoidView.swift; sourceTree = "<group>"; };
		BF6B04B426582A3C002A9B4A /* Line2View.swift */ = {isa = PBXFileReference; lastKnownFileType = sourcecode.swift; path = Line2View.swift; sourceTree = "<group>"; };
		BF6B04B72658B81A002A9B4A /* CircleViewWithAni.swift */ = {isa = PBXFileReference; lastKnownFileType = sourcecode.swift; path = CircleViewWithAni.swift; sourceTree = "<group>"; };
/* End PBXFileReference section */

/* Begin PBXFrameworksBuildPhase section */
		BF6B04972657F020002A9B4A /* Frameworks */ = {
			isa = PBXFrameworksBuildPhase;
			buildActionMask = 2147483647;
			files = (
			);
			runOnlyForDeploymentPostprocessing = 0;
		};
/* End PBXFrameworksBuildPhase section */

/* Begin PBXGroup section */
		BF6AA11F265E06BD001CD2CF /* tictactoe1 */ = {
			isa = PBXGroup;
			children = (
				BF6B049F2657F020002A9B4A /* ContentView.swift */,
				BF6B04B72658B81A002A9B4A /* CircleViewWithAni.swift */,
				BF46F371265AC4640032626B /* CircleViewModel.swift */,
				BF6B04AC2657F0F9002A9B4A /* CircleView.swift */,
			);
			path = tictactoe1;
			sourceTree = "<group>";
		};
		BF6AA120265E06CE001CD2CF /* tictactoeV2 */ = {
			isa = PBXGroup;
			children = (
				BF6AA121265E06E0001CD2CF /* tictactoev2View.swift */,
				BF6AA12E26611F38001CD2CF /* tictactoeViewModel.swift */,
				BF6AA125266006D6001CD2CF /* tictactoev2Model.swift */,
				BF6AA12C2660E7EF001CD2CF /* Alerts.swift */,
			);
			path = tictactoeV2;
			sourceTree = "<group>";
		};
		BF6AA12B2660E619001CD2CF /* no use */ = {
			isa = PBXGroup;
			children = (
				BF6AA11F265E06BD001CD2CF /* tictactoe1 */,
				BF6AA123265E0C7C001CD2CF /* CircleView2.swift */,
				BF6AA1272660E5F5001CD2CF /* detailTransitionView.swift */,
				BF6AA1282660E5F6001CD2CF /* TurnView.swift */,
			);
			path = "no use";
			sourceTree = "<group>";
		};
		BF6B04912657F020002A9B4A = {
			isa = PBXGroup;
			children = (
				BF6B049C2657F020002A9B4A /* tictactoe */,
				BF6B049B2657F020002A9B4A /* Products */,
			);
			sourceTree = "<group>";
		};
		BF6B049B2657F020002A9B4A /* Products */ = {
			isa = PBXGroup;
			children = (
				BF6B049A2657F020002A9B4A /* tictactoe.app */,
			);
			name = Products;
			sourceTree = "<group>";
		};
		BF6B049C2657F020002A9B4A /* tictactoe */ = {
			isa = PBXGroup;
			children = (
				BF6B049D2657F020002A9B4A /* tictactoeApp.swift */,
				BF6AA120265E06CE001CD2CF /* tictactoeV2 */,
				BF6B04B626582BCA002A9B4A /* Shapes */,
				BF6B04AE2657F3DE002A9B4A /* SFSymbols.swift */,
				BF6AA12B2660E619001CD2CF /* no use */,
				BF6B04A12657F023002A9B4A /* Assets.xcassets */,
				BF6B04A62657F023002A9B4A /* Info.plist */,
				BF6B04A32657F023002A9B4A /* Preview Content */,
			);
			path = tictactoe;
			sourceTree = "<group>";
		};
		BF6B04A32657F023002A9B4A /* Preview Content */ = {
			isa = PBXGroup;
			children = (
				BF6B04A42657F023002A9B4A /* Preview Assets.xcassets */,
			);
			path = "Preview Content";
			sourceTree = "<group>";
		};
		BF6B04B626582BCA002A9B4A /* Shapes */ = {
			isa = PBXGroup;
			children = (
				BF6B04B02657FA52002A9B4A /* LineView.swift */,
				BF6B04B426582A3C002A9B4A /* Line2View.swift */,
				BF6B04B226582807002A9B4A /* TrapezoidView.swift */,
			);
			path = Shapes;
			sourceTree = "<group>";
		};
/* End PBXGroup section */

/* Begin PBXNativeTarget section */
		BF6B04992657F020002A9B4A /* tictactoe */ = {
			isa = PBXNativeTarget;
			buildConfigurationList = BF6B04A92657F023002A9B4A /* Build configuration list for PBXNativeTarget "tictactoe" */;
			buildPhases = (
				BF6B04962657F020002A9B4A /* Sources */,
				BF6B04972657F020002A9B4A /* Frameworks */,
				BF6B04982657F020002A9B4A /* Resources */,
			);
			buildRules = (
			);
			dependencies = (
			);
			name = tictactoe;
			productName = tictactoe;
			productReference = BF6B049A2657F020002A9B4A /* tictactoe.app */;
			productType = "com.apple.product-type.application";
		};
/* End PBXNativeTarget section */

/* Begin PBXProject section */
		BF6B04922657F020002A9B4A /* Project object */ = {
			isa = PBXProject;
			attributes = {
				LastSwiftUpdateCheck = 1250;
				LastUpgradeCheck = 1250;
				TargetAttributes = {
					BF6B04992657F020002A9B4A = {
						CreatedOnToolsVersion = 12.5;
					};
				};
			};
			buildConfigurationList = BF6B04952657F020002A9B4A /* Build configuration list for PBXProject "tictactoe" */;
			compatibilityVersion = "Xcode 9.3";
			developmentRegion = en;
			hasScannedForEncodings = 0;
			knownRegions = (
				en,
				Base,
			);
			mainGroup = BF6B04912657F020002A9B4A;
			productRefGroup = BF6B049B2657F020002A9B4A /* Products */;
			projectDirPath = "";
			projectRoot = "";
			targets = (
				BF6B04992657F020002A9B4A /* tictactoe */,
			);
		};
/* End PBXProject section */

/* Begin PBXResourcesBuildPhase section */
		BF6B04982657F020002A9B4A /* Resources */ = {
			isa = PBXResourcesBuildPhase;
			buildActionMask = 2147483647;
			files = (
				BF6B04A52657F023002A9B4A /* Preview Assets.xcassets in Resources */,
				BF6B04A22657F023002A9B4A /* Assets.xcassets in Resources */,
			);
			runOnlyForDeploymentPostprocessing = 0;
		};
/* End PBXResourcesBuildPhase section */

/* Begin PBXSourcesBuildPhase section */
		BF6B04962657F020002A9B4A /* Sources */ = {
			isa = PBXSourcesBuildPhase;
			buildActionMask = 2147483647;
			files = (
				BF6B04AF2657F3DE002A9B4A /* SFSymbols.swift in Sources */,
				BF6AA12D2660E7EF001CD2CF /* Alerts.swift in Sources */,
				BF6AA1292660E5F6001CD2CF /* detailTransitionView.swift in Sources */,
				BF6B04AD2657F0F9002A9B4A /* CircleView.swift in Sources */,
				BF6AA126266006D6001CD2CF /* tictactoev2Model.swift in Sources */,
				BF6B04A02657F020002A9B4A /* ContentView.swift in Sources */,
				BF6AA122265E06E0001CD2CF /* tictactoev2View.swift in Sources */,
				BF6B04B82658B81A002A9B4A /* CircleViewWithAni.swift in Sources */,
				BF6B04B526582A3C002A9B4A /* Line2View.swift in Sources */,
				BF6AA124265E0C7C001CD2CF /* CircleView2.swift in Sources */,
				BF6B04B326582807002A9B4A /* TrapezoidView.swift in Sources */,
				BF46F372265AC4640032626B /* CircleViewModel.swift in Sources */,
				BF6AA12A2660E5F6001CD2CF /* TurnView.swift in Sources */,
				BF6B04B12657FA52002A9B4A /* LineView.swift in Sources */,
				BF6B049E2657F020002A9B4A /* tictactoeApp.swift in Sources */,
				BF6AA12F26611F38001CD2CF /* tictactoeViewModel.swift in Sources */,
			);
			runOnlyForDeploymentPostprocessing = 0;
		};
/* End PBXSourcesBuildPhase section */

/* Begin XCBuildConfiguration section */
		BF6B04A72657F023002A9B4A /* Debug */ = {
			isa = XCBuildConfiguration;
			buildSettings = {
				ALWAYS_SEARCH_USER_PATHS = NO;
				CLANG_ANALYZER_NONNULL = YES;
				CLANG_ANALYZER_NUMBER_OBJECT_CONVERSION = YES_AGGRESSIVE;
				CLANG_CXX_LANGUAGE_STANDARD = "gnu++14";
				CLANG_CXX_LIBRARY = "libc++";
				CLANG_ENABLE_MODULES = YES;
				CLANG_ENABLE_OBJC_ARC = YES;
				CLANG_ENABLE_OBJC_WEAK = YES;
				CLANG_WARN_BLOCK_CAPTURE_AUTORELEASING = YES;
				CLANG_WARN_BOOL_CONVERSION = YES;
				CLANG_WARN_COMMA = YES;
				CLANG_WARN_CONSTANT_CONVERSION = YES;
				CLANG_WARN_DEPRECATED_OBJC_IMPLEMENTATIONS = YES;
				CLANG_WARN_DIRECT_OBJC_ISA_USAGE = YES_ERROR;
				CLANG_WARN_DOCUMENTATION_COMMENTS = YES;
				CLANG_WARN_EMPTY_BODY = YES;
				CLANG_WARN_ENUM_CONVERSION = YES;
				CLANG_WARN_INFINITE_RECURSION = YES;
				CLANG_WARN_INT_CONVERSION = YES;
				CLANG_WARN_NON_LITERAL_NULL_CONVERSION = YES;
				CLANG_WARN_OBJC_IMPLICIT_RETAIN_SELF = YES;
				CLANG_WARN_OBJC_LITERAL_CONVERSION = YES;
				CLANG_WARN_OBJC_ROOT_CLASS = YES_ERROR;
				CLANG_WARN_QUOTED_INCLUDE_IN_FRAMEWORK_HEADER = YES;
				CLANG_WARN_RANGE_LOOP_ANALYSIS = YES;
				CLANG_WARN_STRICT_PROTOTYPES = YES;
				CLANG_WARN_SUSPICIOUS_MOVE = YES;
				CLANG_WARN_UNGUARDED_AVAILABILITY = YES_AGGRESSIVE;
				CLANG_WARN_UNREACHABLE_CODE = YES;
				CLANG_WARN__DUPLICATE_METHOD_MATCH = YES;
				COPY_PHASE_STRIP = NO;
				DEBUG_INFORMATION_FORMAT = dwarf;
				ENABLE_STRICT_OBJC_MSGSEND = YES;
				ENABLE_TESTABILITY = YES;
				GCC_C_LANGUAGE_STANDARD = gnu11;
				GCC_DYNAMIC_NO_PIC = NO;
				GCC_NO_COMMON_BLOCKS = YES;
				GCC_OPTIMIZATION_LEVEL = 0;
				GCC_PREPROCESSOR_DEFINITIONS = (
					"DEBUG=1",
					"$(inherited)",
				);
				GCC_WARN_64_TO_32_BIT_CONVERSION = YES;
				GCC_WARN_ABOUT_RETURN_TYPE = YES_ERROR;
				GCC_WARN_UNDECLARED_SELECTOR = YES;
				GCC_WARN_UNINITIALIZED_AUTOS = YES_AGGRESSIVE;
				GCC_WARN_UNUSED_FUNCTION = YES;
				GCC_WARN_UNUSED_VARIABLE = YES;
				IPHONEOS_DEPLOYMENT_TARGET = 14.5;
				MTL_ENABLE_DEBUG_INFO = INCLUDE_SOURCE;
				MTL_FAST_MATH = YES;
				ONLY_ACTIVE_ARCH = YES;
				SDKROOT = iphoneos;
				SWIFT_ACTIVE_COMPILATION_CONDITIONS = DEBUG;
				SWIFT_OPTIMIZATION_LEVEL = "-Onone";
			};
			name = Debug;
		};
		BF6B04A82657F023002A9B4A /* Release */ = {
			isa = XCBuildConfiguration;
			buildSettings = {
				ALWAYS_SEARCH_USER_PATHS = NO;
				CLANG_ANALYZER_NONNULL = YES;
				CLANG_ANALYZER_NUMBER_OBJECT_CONVERSION = YES_AGGRESSIVE;
				CLANG_CXX_LANGUAGE_STANDARD = "gnu++14";
				CLANG_CXX_LIBRARY = "libc++";
				CLANG_ENABLE_MODULES = YES;
				CLANG_ENABLE_OBJC_ARC = YES;
				CLANG_ENABLE_OBJC_WEAK = YES;
				CLANG_WARN_BLOCK_CAPTURE_AUTORELEASING = YES;
				CLANG_WARN_BOOL_CONVERSION = YES;
				CLANG_WARN_COMMA = YES;
				CLANG_WARN_CONSTANT_CONVERSION = YES;
				CLANG_WARN_DEPRECATED_OBJC_IMPLEMENTATIONS = YES;
				CLANG_WARN_DIRECT_OBJC_ISA_USAGE = YES_ERROR;
				CLANG_WARN_DOCUMENTATION_COMMENTS = YES;
				CLANG_WARN_EMPTY_BODY = YES;
				CLANG_WARN_ENUM_CONVERSION = YES;
				CLANG_WARN_INFINITE_RECURSION = YES;
				CLANG_WARN_INT_CONVERSION = YES;
				CLANG_WARN_NON_LITERAL_NULL_CONVERSION = YES;
				CLANG_WARN_OBJC_IMPLICIT_RETAIN_SELF = YES;
				CLANG_WARN_OBJC_LITERAL_CONVERSION = YES;
				CLANG_WARN_OBJC_ROOT_CLASS = YES_ERROR;
				CLANG_WARN_QUOTED_INCLUDE_IN_FRAMEWORK_HEADER = YES;
				CLANG_WARN_RANGE_LOOP_ANALYSIS = YES;
				CLANG_WARN_STRICT_PROTOTYPES = YES;
				CLANG_WARN_SUSPICIOUS_MOVE = YES;
				CLANG_WARN_UNGUARDED_AVAILABILITY = YES_AGGRESSIVE;
				CLANG_WARN_UNREACHABLE_CODE = YES;
				CLANG_WARN__DUPLICATE_METHOD_MATCH = YES;
				COPY_PHASE_STRIP = NO;
				DEBUG_INFORMATION_FORMAT = "dwarf-with-dsym";
				ENABLE_NS_ASSERTIONS = NO;
				ENABLE_STRICT_OBJC_MSGSEND = YES;
				GCC_C_LANGUAGE_STANDARD = gnu11;
				GCC_NO_COMMON_BLOCKS = YES;
				GCC_WARN_64_TO_32_BIT_CONVERSION = YES;
				GCC_WARN_ABOUT_RETURN_TYPE = YES_ERROR;
				GCC_WARN_UNDECLARED_SELECTOR = YES;
				GCC_WARN_UNINITIALIZED_AUTOS = YES_AGGRESSIVE;
				GCC_WARN_UNUSED_FUNCTION = YES;
				GCC_WARN_UNUSED_VARIABLE = YES;
				IPHONEOS_DEPLOYMENT_TARGET = 14.5;
				MTL_ENABLE_DEBUG_INFO = NO;
				MTL_FAST_MATH = YES;
				SDKROOT = iphoneos;
				SWIFT_COMPILATION_MODE = wholemodule;
				SWIFT_OPTIMIZATION_LEVEL = "-O";
				VALIDATE_PRODUCT = YES;
			};
			name = Release;
		};
		BF6B04AA2657F023002A9B4A /* Debug */ = {
			isa = XCBuildConfiguration;
			buildSettings = {
				ASSETCATALOG_COMPILER_APPICON_NAME = AppIcon;
				ASSETCATALOG_COMPILER_GLOBAL_ACCENT_COLOR_NAME = AccentColor;
				CODE_SIGN_STYLE = Automatic;
				DEVELOPMENT_ASSET_PATHS = "\"tictactoe/Preview Content\"";
				DEVELOPMENT_TEAM = N492VC6PS9;
				ENABLE_PREVIEWS = YES;
				INFOPLIST_FILE = tictactoe/Info.plist;
				IPHONEOS_DEPLOYMENT_TARGET = 14.0;
				LD_RUNPATH_SEARCH_PATHS = (
					"$(inherited)",
					"@executable_path/Frameworks",
				);
				PRODUCT_BUNDLE_IDENTIFIER = com.dzhiphop.tictactoe;
				PRODUCT_NAME = "$(TARGET_NAME)";
				SWIFT_VERSION = 5.0;
				TARGETED_DEVICE_FAMILY = "1,2";
			};
			name = Debug;
		};
		BF6B04AB2657F023002A9B4A /* Release */ = {
			isa = XCBuildConfiguration;
			buildSettings = {
				ASSETCATALOG_COMPILER_APPICON_NAME = AppIcon;
				ASSETCATALOG_COMPILER_GLOBAL_ACCENT_COLOR_NAME = AccentColor;
				CODE_SIGN_STYLE = Automatic;
				DEVELOPMENT_ASSET_PATHS = "\"tictactoe/Preview Content\"";
				DEVELOPMENT_TEAM = N492VC6PS9;
				ENABLE_PREVIEWS = YES;
				INFOPLIST_FILE = tictactoe/Info.plist;
				IPHONEOS_DEPLOYMENT_TARGET = 14.0;
				LD_RUNPATH_SEARCH_PATHS = (
					"$(inherited)",
					"@executable_path/Frameworks",
				);
				PRODUCT_BUNDLE_IDENTIFIER = com.dzhiphop.tictactoe;
				PRODUCT_NAME = "$(TARGET_NAME)";
				SWIFT_VERSION = 5.0;
				TARGETED_DEVICE_FAMILY = "1,2";
			};
			name = Release;
		};
/* End XCBuildConfiguration section */

/* Begin XCConfigurationList section */
		BF6B04952657F020002A9B4A /* Build configuration list for PBXProject "tictactoe" */ = {
			isa = XCConfigurationList;
			buildConfigurations = (
				BF6B04A72657F023002A9B4A /* Debug */,
				BF6B04A82657F023002A9B4A /* Release */,
			);
			defaultConfigurationIsVisible = 0;
			defaultConfigurationName = Release;
		};
		BF6B04A92657F023002A9B4A /* Build configuration list for PBXNativeTarget "tictactoe" */ = {
			isa = XCConfigurationList;
			buildConfigurations = (
				BF6B04AA2657F023002A9B4A /* Debug */,
				BF6B04AB2657F023002A9B4A /* Release */,
			);
			defaultConfigurationIsVisible = 0;
			defaultConfigurationName = Release;
		};
/* End XCConfigurationList section */
	};
	rootObject = BF6B04922657F020002A9B4A /* Project object */;
}
